// !$*UTF8*$!
{
	archiveVersion = 1;
	classes = {
	};
	objectVersion = 56;
	objects = {

/* Begin PBXBuildFile section */
		9480B5BB2C46F6FF00623B33 /* map1.swift in Sources */ = {isa = PBXBuildFile; fileRef = 9480B5BA2C46F6FF00623B33 /* map1.swift */; };
		94AE1FA42C48C68B008176EC /* info1.swift in Sources */ = {isa = PBXBuildFile; fileRef = 94AE1FA32C48C68B008176EC /* info1.swift */; };
		94AE1FA62C48C855008176EC /* usa.swift in Sources */ = {isa = PBXBuildFile; fileRef = 94AE1FA52C48C855008176EC /* usa.swift */; };
		94AE1FA82C48C914008176EC /* nigeria1.swift in Sources */ = {isa = PBXBuildFile; fileRef = 94AE1FA72C48C914008176EC /* nigeria1.swift */; };
		94AE1FAA2C48C93E008176EC /* india1.swift in Sources */ = {isa = PBXBuildFile; fileRef = 94AE1FA92C48C93E008176EC /* india1.swift */; };
		94C292752C48379900EBF420 /* usa1.swift in Sources */ = {isa = PBXBuildFile; fileRef = 94C292742C48379900EBF420 /* usa1.swift */; };
		94C292772C4837A500EBF420 /* nigeria.swift in Sources */ = {isa = PBXBuildFile; fileRef = 94C292762C4837A500EBF420 /* nigeria.swift */; };
		94C292792C4837B000EBF420 /* india.swift in Sources */ = {isa = PBXBuildFile; fileRef = 94C292782C4837B000EBF420 /* india.swift */; };
		94C2927B2C4837BB00EBF420 /* women1.swift in Sources */ = {isa = PBXBuildFile; fileRef = 94C2927A2C4837BB00EBF420 /* women1.swift */; };
		94D0DEF12C41AED800520DFF /* githubrhmeApp.swift in Sources */ = {isa = PBXBuildFile; fileRef = 94D0DEF02C41AED800520DFF /* githubrhmeApp.swift */; };
		94D0DEF32C41AED800520DFF /* ContentView.swift in Sources */ = {isa = PBXBuildFile; fileRef = 94D0DEF22C41AED800520DFF /* ContentView.swift */; };
		94D0DEF52C41AEDA00520DFF /* Assets.xcassets in Resources */ = {isa = PBXBuildFile; fileRef = 94D0DEF42C41AEDA00520DFF /* Assets.xcassets */; };
		94D0DEF82C41AEDA00520DFF /* Preview Assets.xcassets in Resources */ = {isa = PBXBuildFile; fileRef = 94D0DEF72C41AEDA00520DFF /* Preview Assets.xcassets */; };
/* End PBXBuildFile section */

/* Begin PBXFileReference section */
		9480B5BA2C46F6FF00623B33 /* map1.swift */ = {isa = PBXFileReference; lastKnownFileType = sourcecode.swift; path = map1.swift; sourceTree = "<group>"; };
		94AE1FA32C48C68B008176EC /* info1.swift */ = {isa = PBXFileReference; lastKnownFileType = sourcecode.swift; path = info1.swift; sourceTree = "<group>"; };
		94AE1FA52C48C855008176EC /* usa.swift */ = {isa = PBXFileReference; lastKnownFileType = sourcecode.swift; path = usa.swift; sourceTree = "<group>"; };
		94AE1FA72C48C914008176EC /* nigeria1.swift */ = {isa = PBXFileReference; lastKnownFileType = sourcecode.swift; path = nigeria1.swift; sourceTree = "<group>"; };
		94AE1FA92C48C93E008176EC /* india1.swift */ = {isa = PBXFileReference; lastKnownFileType = sourcecode.swift; path = india1.swift; sourceTree = "<group>"; };
		94C292742C48379900EBF420 /* usa1.swift */ = {isa = PBXFileReference; lastKnownFileType = sourcecode.swift; path = usa1.swift; sourceTree = "<group>"; };
		94C292762C4837A500EBF420 /* nigeria.swift */ = {isa = PBXFileReference; lastKnownFileType = sourcecode.swift; path = nigeria.swift; sourceTree = "<group>"; };
		94C292782C4837B000EBF420 /* india.swift */ = {isa = PBXFileReference; lastKnownFileType = sourcecode.swift; path = india.swift; sourceTree = "<group>"; };
		94C2927A2C4837BB00EBF420 /* women1.swift */ = {isa = PBXFileReference; lastKnownFileType = sourcecode.swift; path = women1.swift; sourceTree = "<group>"; };
		94D0DEED2C41AED800520DFF /* githubrhme.app */ = {isa = PBXFileReference; explicitFileType = wrapper.application; includeInIndex = 0; path = githubrhme.app; sourceTree = BUILT_PRODUCTS_DIR; };
		94D0DEF02C41AED800520DFF /* githubrhmeApp.swift */ = {isa = PBXFileReference; lastKnownFileType = sourcecode.swift; path = githubrhmeApp.swift; sourceTree = "<group>"; };
		94D0DEF22C41AED800520DFF /* ContentView.swift */ = {isa = PBXFileReference; lastKnownFileType = sourcecode.swift; path = ContentView.swift; sourceTree = "<group>"; };
		94D0DEF42C41AEDA00520DFF /* Assets.xcassets */ = {isa = PBXFileReference; lastKnownFileType = folder.assetcatalog; path = Assets.xcassets; sourceTree = "<group>"; };
		94D0DEF72C41AEDA00520DFF /* Preview Assets.xcassets */ = {isa = PBXFileReference; lastKnownFileType = folder.assetcatalog; path = "Preview Assets.xcassets"; sourceTree = "<group>"; };
/* End PBXFileReference section */

/* Begin PBXFrameworksBuildPhase section */
		94D0DEEA2C41AED800520DFF /* Frameworks */ = {
			isa = PBXFrameworksBuildPhase;
			buildActionMask = 2147483647;
			files = (
			);
			runOnlyForDeploymentPostprocessing = 0;
		};
/* End PBXFrameworksBuildPhase section */

/* Begin PBXGroup section */
		94D0DEE42C41AED800520DFF = {
			isa = PBXGroup;
			children = (
				94AE1FA92C48C93E008176EC /* india1.swift */,
				94AE1FA72C48C914008176EC /* nigeria1.swift */,
				94AE1FA52C48C855008176EC /* usa.swift */,
				94AE1FA32C48C68B008176EC /* info1.swift */,
				94C292742C48379900EBF420 /* usa1.swift */,
				94C292762C4837A500EBF420 /* nigeria.swift */,
				94C292782C4837B000EBF420 /* india.swift */,
				94C2927A2C4837BB00EBF420 /* women1.swift */,
				94D0DEEF2C41AED800520DFF /* githubrhme */,
				94D0DEEE2C41AED800520DFF /* Products */,
			);
			sourceTree = "<group>";
		};
		94D0DEEE2C41AED800520DFF /* Products */ = {
			isa = PBXGroup;
			children = (
				94D0DEED2C41AED800520DFF /* githubrhme.app */,
			);
			name = Products;
			sourceTree = "<group>";
		};
		94D0DEEF2C41AED800520DFF /* githubrhme */ = {
			isa = PBXGroup;
			children = (
				94D0DEF02C41AED800520DFF /* githubrhmeApp.swift */,
				94D0DEF22C41AED800520DFF /* ContentView.swift */,
				9480B5BA2C46F6FF00623B33 /* map1.swift */,
				94D0DEF42C41AEDA00520DFF /* Assets.xcassets */,
				94D0DEF62C41AEDA00520DFF /* Preview Content */,
			);
			path = githubrhme;
			sourceTree = "<group>";
		};
		94D0DEF62C41AEDA00520DFF /* Preview Content */ = {
			isa = PBXGroup;
			children = (
				94D0DEF72C41AEDA00520DFF /* Preview Assets.xcassets */,
			);
			path = "Preview Content";
			sourceTree = "<group>";
		};
/* End PBXGroup section */

/* Begin PBXNativeTarget section */
		94D0DEEC2C41AED800520DFF /* githubrhme */ = {
			isa = PBXNativeTarget;
			buildConfigurationList = 94D0DEFB2C41AEDA00520DFF /* Build configuration list for PBXNativeTarget "githubrhme" */;
			buildPhases = (
				94D0DEE92C41AED800520DFF /* Sources */,
				94D0DEEA2C41AED800520DFF /* Frameworks */,
				94D0DEEB2C41AED800520DFF /* Resources */,
			);
			buildRules = (
			);
			dependencies = (
			);
			name = githubrhme;
			productName = githubrhme;
			productReference = 94D0DEED2C41AED800520DFF /* githubrhme.app */;
			productType = "com.apple.product-type.application";
		};
/* End PBXNativeTarget section */

/* Begin PBXProject section */
		94D0DEE52C41AED800520DFF /* Project object */ = {
			isa = PBXProject;
			attributes = {
				BuildIndependentTargetsInParallel = 1;
				LastSwiftUpdateCheck = 1540;
				LastUpgradeCheck = 1540;
				TargetAttributes = {
					94D0DEEC2C41AED800520DFF = {
						CreatedOnToolsVersion = 15.4;
					};
				};
			};
			buildConfigurationList = 94D0DEE82C41AED800520DFF /* Build configuration list for PBXProject "Map of Rights" */;
			compatibilityVersion = "Xcode 14.0";
			developmentRegion = en;
			hasScannedForEncodings = 0;
			knownRegions = (
				en,
				Base,
			);
			mainGroup = 94D0DEE42C41AED800520DFF;
			productRefGroup = 94D0DEEE2C41AED800520DFF /* Products */;
			projectDirPath = "";
			projectRoot = "";
			targets = (
				94D0DEEC2C41AED800520DFF /* githubrhme */,
			);
		};
/* End PBXProject section */

/* Begin PBXResourcesBuildPhase section */
		94D0DEEB2C41AED800520DFF /* Resources */ = {
			isa = PBXResourcesBuildPhase;
			buildActionMask = 2147483647;
			files = (
				94D0DEF82C41AEDA00520DFF /* Preview Assets.xcassets in Resources */,
				94D0DEF52C41AEDA00520DFF /* Assets.xcassets in Resources */,
			);
			runOnlyForDeploymentPostprocessing = 0;
		};
/* End PBXResourcesBuildPhase section */

/* Begin PBXSourcesBuildPhase section */
		94D0DEE92C41AED800520DFF /* Sources */ = {
			isa = PBXSourcesBuildPhase;
			buildActionMask = 2147483647;
			files = (
				94D0DEF32C41AED800520DFF /* ContentView.swift in Sources */,
				94D0DEF12C41AED800520DFF /* githubrhmeApp.swift in Sources */,
				9480B5BB2C46F6FF00623B33 /* map1.swift in Sources */,
				94AE1FA42C48C68B008176EC /* info1.swift in Sources */,
				94C292752C48379900EBF420 /* usa1.swift in Sources */,
				94AE1FA82C48C914008176EC /* nigeria1.swift in Sources */,
				94AE1FAA2C48C93E008176EC /* india1.swift in Sources */,
				94C292772C4837A500EBF420 /* nigeria.swift in Sources */,
				94AE1FA62C48C855008176EC /* usa.swift in Sources */,
				94C292792C4837B000EBF420 /* india.swift in Sources */,
				94C2927B2C4837BB00EBF420 /* women1.swift in Sources */,
			);
			runOnlyForDeploymentPostprocessing = 0;
		};
/* End PBXSourcesBuildPhase section */

/* Begin XCBuildConfiguration section */
		94D0DEF92C41AEDA00520DFF /* Debug */ = {
			isa = XCBuildConfiguration;
			buildSettings = {
				ALWAYS_SEARCH_USER_PATHS = NO;
				ASSETCATALOG_COMPILER_GENERATE_SWIFT_ASSET_SYMBOL_EXTENSIONS = YES;
				CLANG_ANALYZER_NONNULL = YES;
				CLANG_ANALYZER_NUMBER_OBJECT_CONVERSION = YES_AGGRESSIVE;
				CLANG_CXX_LANGUAGE_STANDARD = "gnu++20";
				CLANG_ENABLE_MODULES = YES;
				CLANG_ENABLE_OBJC_ARC = YES;
				CLANG_ENABLE_OBJC_WEAK = YES;
				CLANG_WARN_BLOCK_CAPTURE_AUTORELEASING = YES;
				CLANG_WARN_BOOL_CONVERSION = YES;
				CLANG_WARN_COMMA = YES;
				CLANG_WARN_CONSTANT_CONVERSION = YES;
				CLANG_WARN_DEPRECATED_OBJC_IMPLEMENTATIONS = YES;
				CLANG_WARN_DIRECT_OBJC_ISA_USAGE = YES_ERROR;
				CLANG_WARN_DOCUMENTATION_COMMENTS = YES;
				CLANG_WARN_EMPTY_BODY = YES;
				CLANG_WARN_ENUM_CONVERSION = YES;
				CLANG_WARN_INFINITE_RECURSION = YES;
				CLANG_WARN_INT_CONVERSION = YES;
				CLANG_WARN_NON_LITERAL_NULL_CONVERSION = YES;
				CLANG_WARN_OBJC_IMPLICIT_RETAIN_SELF = YES;
				CLANG_WARN_OBJC_LITERAL_CONVERSION = YES;
				CLANG_WARN_OBJC_ROOT_CLASS = YES_ERROR;
				CLANG_WARN_QUOTED_INCLUDE_IN_FRAMEWORK_HEADER = YES;
				CLANG_WARN_RANGE_LOOP_ANALYSIS = YES;
				CLANG_WARN_STRICT_PROTOTYPES = YES;
				CLANG_WARN_SUSPICIOUS_MOVE = YES;
				CLANG_WARN_UNGUARDED_AVAILABILITY = YES_AGGRESSIVE;
				CLANG_WARN_UNREACHABLE_CODE = YES;
				CLANG_WARN__DUPLICATE_METHOD_MATCH = YES;
				COPY_PHASE_STRIP = NO;
				DEBUG_INFORMATION_FORMAT = dwarf;
				ENABLE_STRICT_OBJC_MSGSEND = YES;
				ENABLE_TESTABILITY = YES;
				ENABLE_USER_SCRIPT_SANDBOXING = YES;
				GCC_C_LANGUAGE_STANDARD = gnu17;
				GCC_DYNAMIC_NO_PIC = NO;
				GCC_NO_COMMON_BLOCKS = YES;
				GCC_OPTIMIZATION_LEVEL = 0;
				GCC_PREPROCESSOR_DEFINITIONS = (
					"DEBUG=1",
					"$(inherited)",
				);
				GCC_WARN_64_TO_32_BIT_CONVERSION = YES;
				GCC_WARN_ABOUT_RETURN_TYPE = YES_ERROR;
				GCC_WARN_UNDECLARED_SELECTOR = YES;
				GCC_WARN_UNINITIALIZED_AUTOS = YES_AGGRESSIVE;
				GCC_WARN_UNUSED_FUNCTION = YES;
				GCC_WARN_UNUSED_VARIABLE = YES;
				IPHONEOS_DEPLOYMENT_TARGET = 17.5;
				LOCALIZATION_PREFERS_STRING_CATALOGS = YES;
				MTL_ENABLE_DEBUG_INFO = INCLUDE_SOURCE;
				MTL_FAST_MATH = YES;
				ONLY_ACTIVE_ARCH = YES;
				SDKROOT = iphoneos;
				SWIFT_ACTIVE_COMPILATION_CONDITIONS = "DEBUG $(inherited)";
				SWIFT_OPTIMIZATION_LEVEL = "-Onone";
			};
			name = Debug;
		};
		94D0DEFA2C41AEDA00520DFF /* Release */ = {
			isa = XCBuildConfiguration;
			buildSettings = {
				ALWAYS_SEARCH_USER_PATHS = NO;
				ASSETCATALOG_COMPILER_GENERATE_SWIFT_ASSET_SYMBOL_EXTENSIONS = YES;
				CLANG_ANALYZER_NONNULL = YES;
				CLANG_ANALYZER_NUMBER_OBJECT_CONVERSION = YES_AGGRESSIVE;
				CLANG_CXX_LANGUAGE_STANDARD = "gnu++20";
				CLANG_ENABLE_MODULES = YES;
				CLANG_ENABLE_OBJC_ARC = YES;
				CLANG_ENABLE_OBJC_WEAK = YES;
				CLANG_WARN_BLOCK_CAPTURE_AUTORELEASING = YES;
				CLANG_WARN_BOOL_CONVERSION = YES;
				CLANG_WARN_COMMA = YES;
				CLANG_WARN_CONSTANT_CONVERSION = YES;
				CLANG_WARN_DEPRECATED_OBJC_IMPLEMENTATIONS = YES;
				CLANG_WARN_DIRECT_OBJC_ISA_USAGE = YES_ERROR;
				CLANG_WARN_DOCUMENTATION_COMMENTS = YES;
				CLANG_WARN_EMPTY_BODY = YES;
				CLANG_WARN_ENUM_CONVERSION = YES;
				CLANG_WARN_INFINITE_RECURSION = YES;
				CLANG_WARN_INT_CONVERSION = YES;
				CLANG_WARN_NON_LITERAL_NULL_CONVERSION = YES;
				CLANG_WARN_OBJC_IMPLICIT_RETAIN_SELF = YES;
				CLANG_WARN_OBJC_LITERAL_CONVERSION = YES;
				CLANG_WARN_OBJC_ROOT_CLASS = YES_ERROR;
				CLANG_WARN_QUOTED_INCLUDE_IN_FRAMEWORK_HEADER = YES;
				CLANG_WARN_RANGE_LOOP_ANALYSIS = YES;
				CLANG_WARN_STRICT_PROTOTYPES = YES;
				CLANG_WARN_SUSPICIOUS_MOVE = YES;
				CLANG_WARN_UNGUARDED_AVAILABILITY = YES_AGGRESSIVE;
				CLANG_WARN_UNREACHABLE_CODE = YES;
				CLANG_WARN__DUPLICATE_METHOD_MATCH = YES;
				COPY_PHASE_STRIP = NO;
				DEBUG_INFORMATION_FORMAT = "dwarf-with-dsym";
				ENABLE_NS_ASSERTIONS = NO;
				ENABLE_STRICT_OBJC_MSGSEND = YES;
				ENABLE_USER_SCRIPT_SANDBOXING = YES;
				GCC_C_LANGUAGE_STANDARD = gnu17;
				GCC_NO_COMMON_BLOCKS = YES;
				GCC_WARN_64_TO_32_BIT_CONVERSION = YES;
				GCC_WARN_ABOUT_RETURN_TYPE = YES_ERROR;
				GCC_WARN_UNDECLARED_SELECTOR = YES;
				GCC_WARN_UNINITIALIZED_AUTOS = YES_AGGRESSIVE;
				GCC_WARN_UNUSED_FUNCTION = YES;
				GCC_WARN_UNUSED_VARIABLE = YES;
				IPHONEOS_DEPLOYMENT_TARGET = 17.5;
				LOCALIZATION_PREFERS_STRING_CATALOGS = YES;
				MTL_ENABLE_DEBUG_INFO = NO;
				MTL_FAST_MATH = YES;
				SDKROOT = iphoneos;
				SWIFT_COMPILATION_MODE = wholemodule;
				VALIDATE_PRODUCT = YES;
			};
			name = Release;
		};
		94D0DEFC2C41AEDA00520DFF /* Debug */ = {
			isa = XCBuildConfiguration;
			buildSettings = {
				ASSETCATALOG_COMPILER_APPICON_NAME = AppIcon;
				ASSETCATALOG_COMPILER_GLOBAL_ACCENT_COLOR_NAME = AccentColor;
				ASSETCATALOG_COMPILER_INCLUDE_ALL_APPICON_ASSETS = YES;
				CODE_SIGN_STYLE = Automatic;
				CURRENT_PROJECT_VERSION = 1;
				DEVELOPMENT_ASSET_PATHS = "\"githubrhme/Preview Content\"";
				ENABLE_PREVIEWS = YES;
				GENERATE_INFOPLIST_FILE = YES;
				INFOPLIST_KEY_CFBundleDisplayName = "Map of Rights";
				INFOPLIST_KEY_UIApplicationSceneManifest_Generation = YES;
				INFOPLIST_KEY_UIApplicationSupportsIndirectInputEvents = YES;
				INFOPLIST_KEY_UILaunchScreen_Generation = YES;
				INFOPLIST_KEY_UISupportedInterfaceOrientations_iPad = "UIInterfaceOrientationPortrait UIInterfaceOrientationPortraitUpsideDown UIInterfaceOrientationLandscapeLeft UIInterfaceOrientationLandscapeRight";
				INFOPLIST_KEY_UISupportedInterfaceOrientations_iPhone = "UIInterfaceOrientationPortrait UIInterfaceOrientationLandscapeLeft UIInterfaceOrientationLandscapeRight";
				LD_RUNPATH_SEARCH_PATHS = (
					"$(inherited)",
					"@executable_path/Frameworks",
				);
				MARKETING_VERSION = 1.0;
				PRODUCT_BUNDLE_IDENTIFIER = kwk.mapofrights;
				PRODUCT_NAME = "$(TARGET_NAME)";
				SWIFT_EMIT_LOC_STRINGS = YES;
				SWIFT_VERSION = 5.0;
				TARGETED_DEVICE_FAMILY = "1,2";
			};
			name = Debug;
		};
		94D0DEFD2C41AEDA00520DFF /* Release */ = {
			isa = XCBuildConfiguration;
			buildSettings = {
				ASSETCATALOG_COMPILER_APPICON_NAME = AppIcon;
				ASSETCATALOG_COMPILER_GLOBAL_ACCENT_COLOR_NAME = AccentColor;
				ASSETCATALOG_COMPILER_INCLUDE_ALL_APPICON_ASSETS = YES;
				CODE_SIGN_STYLE = Automatic;
				CURRENT_PROJECT_VERSION = 1;
				DEVELOPMENT_ASSET_PATHS = "\"githubrhme/Preview Content\"";
				ENABLE_PREVIEWS = YES;
				GENERATE_INFOPLIST_FILE = YES;
				INFOPLIST_KEY_CFBundleDisplayName = "Map of Rights";
				INFOPLIST_KEY_UIApplicationSceneManifest_Generation = YES;
				INFOPLIST_KEY_UIApplicationSupportsIndirectInputEvents = YES;
				INFOPLIST_KEY_UILaunchScreen_Generation = YES;
				INFOPLIST_KEY_UISupportedInterfaceOrientations_iPad = "UIInterfaceOrientationPortrait UIInterfaceOrientationPortraitUpsideDown UIInterfaceOrientationLandscapeLeft UIInterfaceOrientationLandscapeRight";
				INFOPLIST_KEY_UISupportedInterfaceOrientations_iPhone = "UIInterfaceOrientationPortrait UIInterfaceOrientationLandscapeLeft UIInterfaceOrientationLandscapeRight";
				LD_RUNPATH_SEARCH_PATHS = (
					"$(inherited)",
					"@executable_path/Frameworks",
				);
				MARKETING_VERSION = 1.0;
				PRODUCT_BUNDLE_IDENTIFIER = kwk.mapofrights;
				PRODUCT_NAME = "$(TARGET_NAME)";
				SWIFT_EMIT_LOC_STRINGS = YES;
				SWIFT_VERSION = 5.0;
				TARGETED_DEVICE_FAMILY = "1,2";
			};
			name = Release;
		};
/* End XCBuildConfiguration section */

/* Begin XCConfigurationList section */
		94D0DEE82C41AED800520DFF /* Build configuration list for PBXProject "Map of Rights" */ = {
			isa = XCConfigurationList;
			buildConfigurations = (
				94D0DEF92C41AEDA00520DFF /* Debug */,
				94D0DEFA2C41AEDA00520DFF /* Release */,
			);
			defaultConfigurationIsVisible = 0;
			defaultConfigurationName = Release;
		};
		94D0DEFB2C41AEDA00520DFF /* Build configuration list for PBXNativeTarget "githubrhme" */ = {
			isa = XCConfigurationList;
			buildConfigurations = (
				94D0DEFC2C41AEDA00520DFF /* Debug */,
				94D0DEFD2C41AEDA00520DFF /* Release */,
			);
			defaultConfigurationIsVisible = 0;
			defaultConfigurationName = Release;
		};
/* End XCConfigurationList section */
	};
	rootObject = 94D0DEE52C41AED800520DFF /* Project object */;
}
